
Microsoft Visual Studio Solution File, Format Version 11.00
# Visual Studio 2010
Project("{FAE04EC0-301F-11D3-BF4B-00C04F79EFBC}") = "DroneRace", "Assembly-CSharp.csproj", "{A4BC5323-F0A2-5F01-40C8-93FB0D04B411}"
EndProject
Project("{FAE04EC0-301F-11D3-BF4B-00C04F79EFBC}") = "DroneRace", "Assembly-CSharp-Editor.csproj", "{9C58E431-889F-702B-230C-BC4B03A0F6B6}"
EndProject
Global
	GlobalSection(SolutionConfigurationPlatforms) = preSolution
		Debug|Any CPU = Debug|Any CPU
		Release|Any CPU = Release|Any CPU
	EndGlobalSection
	GlobalSection(ProjectConfigurationPlatforms) = postSolution
		{A4BC5323-F0A2-5F01-40C8-93FB0D04B411}.Debug|Any CPU.ActiveCfg = Debug|Any CPU
		{A4BC5323-F0A2-5F01-40C8-93FB0D04B411}.Debug|Any CPU.Build.0 = Debug|Any CPU
		{A4BC5323-F0A2-5F01-40C8-93FB0D04B411}.Release|Any CPU.ActiveCfg = Release|Any CPU
		{A4BC5323-F0A2-5F01-40C8-93FB0D04B411}.Release|Any CPU.Build.0 = Release|Any CPU
		{9C58E431-889F-702B-230C-BC4B03A0F6B6}.Debug|Any CPU.ActiveCfg = Debug|Any CPU
		{9C58E431-889F-702B-230C-BC4B03A0F6B6}.Debug|Any CPU.Build.0 = Debug|Any CPU
		{9C58E431-889F-702B-230C-BC4B03A0F6B6}.Release|Any CPU.ActiveCfg = Release|Any CPU
		{9C58E431-889F-702B-230C-BC4B03A0F6B6}.Release|Any CPU.Build.0 = Release|Any CPU
	EndGlobalSection
	GlobalSection(SolutionProperties) = preSolution
		HideSolutionNode = FALSE
	EndGlobalSection
	GlobalSection(MonoDevelopProperties) = preSolution
		StartupItem = Assembly-CSharp.csproj
	EndGlobalSection
EndGlobal
