
Microsoft Visual Studio Solution File, Format Version 11.00
# Visual Studio 2010
Project("{FAE04EC0-301F-11D3-BF4B-00C04F79EFBC}") = "DroneRaceVR", "Assembly-CSharp.csproj", "{217D1F27-BC1E-6484-FA19-769EDC1B7C2F}"
EndProject
Project("{FAE04EC0-301F-11D3-BF4B-00C04F79EFBC}") = "DroneRaceVR", "Assembly-CSharp-Editor.csproj", "{24E5F66E-5470-A80D-AF6A-B8AEB5C5EB3C}"
EndProject
Global
	GlobalSection(SolutionConfigurationPlatforms) = preSolution
		Debug|Any CPU = Debug|Any CPU
		Release|Any CPU = Release|Any CPU
	EndGlobalSection
	GlobalSection(ProjectConfigurationPlatforms) = postSolution
		{217D1F27-BC1E-6484-FA19-769EDC1B7C2F}.Debug|Any CPU.ActiveCfg = Debug|Any CPU
		{217D1F27-BC1E-6484-FA19-769EDC1B7C2F}.Debug|Any CPU.Build.0 = Debug|Any CPU
		{217D1F27-BC1E-6484-FA19-769EDC1B7C2F}.Release|Any CPU.ActiveCfg = Release|Any CPU
		{217D1F27-BC1E-6484-FA19-769EDC1B7C2F}.Release|Any CPU.Build.0 = Release|Any CPU
		{24E5F66E-5470-A80D-AF6A-B8AEB5C5EB3C}.Debug|Any CPU.ActiveCfg = Debug|Any CPU
		{24E5F66E-5470-A80D-AF6A-B8AEB5C5EB3C}.Debug|Any CPU.Build.0 = Debug|Any CPU
		{24E5F66E-5470-A80D-AF6A-B8AEB5C5EB3C}.Release|Any CPU.ActiveCfg = Release|Any CPU
		{24E5F66E-5470-A80D-AF6A-B8AEB5C5EB3C}.Release|Any CPU.Build.0 = Release|Any CPU
	EndGlobalSection
	GlobalSection(SolutionProperties) = preSolution
		HideSolutionNode = FALSE
	EndGlobalSection
	GlobalSection(MonoDevelopProperties) = preSolution
		StartupItem = Assembly-CSharp.csproj
	EndGlobalSection
EndGlobal
